
Microsoft Visual Studio Solution File, Format Version 12.00
# Visual Studio Version 16
VisualStudioVersion = 16.0.30717.126
MinimumVisualStudioVersion = 10.0.40219.1
Project("{E24C65DC-7377-472B-9ABA-BC803B73C61A}") = "PromiseDemo", "PromiseDemo\", "{30F17393-27D0-4E8B-A2FF-C81881AAB28A}"
	ProjectSection(WebsiteProperties) = preProject
		TargetFrameworkMoniker = ".NETFramework,Version%3Dv4.0"
		Debug.AspNetCompiler.VirtualPath = "/localhost_52579"
		Debug.AspNetCompiler.PhysicalPath = "PromiseDemo\"
		Debug.AspNetCompiler.TargetPath = "PrecompiledWeb\localhost_52579\"
		Debug.AspNetCompiler.Updateable = "true"
		Debug.AspNetCompiler.ForceOverwrite = "true"
		Debug.AspNetCompiler.FixedNames = "false"
		Debug.AspNetCompiler.Debug = "True"
		Release.AspNetCompiler.VirtualPath = "/localhost_52579"
		Release.AspNetCompiler.PhysicalPath = "PromiseDemo\"
		Release.AspNetCompiler.TargetPath = "PrecompiledWeb\localhost_52579\"
		Release.AspNetCompiler.Updateable = "true"
		Release.AspNetCompiler.ForceOverwrite = "true"
		Release.AspNetCompiler.FixedNames = "false"
		Release.AspNetCompiler.Debug = "False"
		VWDPort = "52579"
		SlnRelativePath = "PromiseDemo\"
	EndProjectSection
EndProject
Global
	GlobalSection(SolutionConfigurationPlatforms) = preSolution
		Debug|Any CPU = Debug|Any CPU
	EndGlobalSection
	GlobalSection(ProjectConfigurationPlatforms) = postSolution
		{30F17393-27D0-4E8B-A2FF-C81881AAB28A}.Debug|Any CPU.ActiveCfg = Debug|Any CPU
		{30F17393-27D0-4E8B-A2FF-C81881AAB28A}.Debug|Any CPU.Build.0 = Debug|Any CPU
	EndGlobalSection
	GlobalSection(SolutionProperties) = preSolution
		HideSolutionNode = FALSE
	EndGlobalSection
	GlobalSection(ExtensibilityGlobals) = postSolution
		SolutionGuid = {E8778036-2B82-45F0-B4CF-589A7C050E58}
	EndGlobalSection
EndGlobal
